
Microsoft Visual Studio Solution File, Format Version 12.00
# Visual Studio Version 17
VisualStudioVersion = 17.0.31903.59
MinimumVisualStudioVersion = 10.0.40219.1
Project("{2150E333-8FDC-42A3-9474-1A3956D46DE8}") = "FeatureSlice", "FeatureSlice", "{C213DE64-2AEF-4CA5-A132-5BEC4F1F26E8}"
EndProject
Project("{FAE04EC0-301F-11D3-BF4B-00C04F79EFBC}") = "FeatureSlice", "FeatureSlice\FeatureSlice\FeatureSlice.csproj", "{DE536C37-637B-45A6-BC52-71EA40F4F5CA}"
EndProject
Global
	GlobalSection(SolutionConfigurationPlatforms) = preSolution
		Debug|Any CPU = Debug|Any CPU
		Release|Any CPU = Release|Any CPU
	EndGlobalSection
	GlobalSection(SolutionProperties) = preSolution
		HideSolutionNode = FALSE
	EndGlobalSection
	GlobalSection(ProjectConfigurationPlatforms) = postSolution
		{DE536C37-637B-45A6-BC52-71EA40F4F5CA}.Debug|Any CPU.ActiveCfg = Debug|Any CPU
		{DE536C37-637B-45A6-BC52-71EA40F4F5CA}.Debug|Any CPU.Build.0 = Debug|Any CPU
		{DE536C37-637B-45A6-BC52-71EA40F4F5CA}.Release|Any CPU.ActiveCfg = Release|Any CPU
		{DE536C37-637B-45A6-BC52-71EA40F4F5CA}.Release|Any CPU.Build.0 = Release|Any CPU
	EndGlobalSection
	GlobalSection(NestedProjects) = preSolution
		{DE536C37-637B-45A6-BC52-71EA40F4F5CA} = {C213DE64-2AEF-4CA5-A132-5BEC4F1F26E8}
	EndGlobalSection
EndGlobal
