
Microsoft Visual Studio Solution File, Format Version 12.00
# Visual Studio Version 17
VisualStudioVersion = 17.0.31903.59
MinimumVisualStudioVersion = 10.0.40219.1
Project("{2150E333-8FDC-42A3-9474-1A3956D46DE8}") = "Samples", "Samples", "{85C48B36-DA1B-4C30-A540-6217EEDA39B4}"
EndProject
Project("{FAE04EC0-301F-11D3-BF4B-00C04F79EFBC}") = "Samples", "Samples\Samples\Samples.csproj", "{DCC49367-E120-44D7-A673-A093ECBDAEBB}"
EndProject
Project("{2150E333-8FDC-42A3-9474-1A3956D46DE8}") = "FeatureSlice", "FeatureSlice", "{56AE5EF6-0179-4D75-B1FD-08EE7476786D}"
EndProject
Project("{FAE04EC0-301F-11D3-BF4B-00C04F79EFBC}") = "FeatureSlice", "FeatureSlice\FeatureSlice\FeatureSlice.csproj", "{5C5E89E0-4F9D-4E38-B603-44FDC0E76D70}"
EndProject
Project("{FAE04EC0-301F-11D3-BF4B-00C04F79EFBC}") = "FeatureSliceGenerator", "FeatureSlice\Generator\Generator\FeatureSliceGenerator.csproj", "{9970963A-1AA6-4936-8AB4-8653F18AF505}"
EndProject
Project("{2150E333-8FDC-42A3-9474-1A3956D46DE8}") = "FeatureSliceNew", "FeatureSliceNew", "{512F4F19-8B7F-4A5B-A188-080D86F58714}"
EndProject
Project("{FAE04EC0-301F-11D3-BF4B-00C04F79EFBC}") = "FeatureSlice", "FeatureSliceNew\FeatureSlice\FeatureSlice.csproj", "{1F9DBE9A-FDE0-4C42-9779-7BAB74D10626}"
EndProject
Project("{FAE04EC0-301F-11D3-BF4B-00C04F79EFBC}") = "FeatureSlice.Generator", "FeatureSliceNew\Generator\FeatureSlice.Generator.csproj", "{04A2EEEF-3478-46A9-8B14-D4D707E0736E}"
EndProject
Project("{2150E333-8FDC-42A3-9474-1A3956D46DE8}") = "FeatureSliceNew", "FeatureSliceNew", "{B2AC7DEC-CFDE-4098-A538-7D1DED1B12A6}"
EndProject
Project("{FAE04EC0-301F-11D3-BF4B-00C04F79EFBC}") = "FeatureSlice.Samples", "Samples\FeatureSliceNew\FeatureSlice\FeatureSlice.Samples.csproj", "{3DB3B829-F941-4143-89AB-FAB4C78428AD}"
EndProject
Global
	GlobalSection(SolutionConfigurationPlatforms) = preSolution
		Debug|Any CPU = Debug|Any CPU
		Release|Any CPU = Release|Any CPU
	EndGlobalSection
	GlobalSection(SolutionProperties) = preSolution
		HideSolutionNode = FALSE
	EndGlobalSection
	GlobalSection(ProjectConfigurationPlatforms) = postSolution
		{DCC49367-E120-44D7-A673-A093ECBDAEBB}.Debug|Any CPU.ActiveCfg = Debug|Any CPU
		{DCC49367-E120-44D7-A673-A093ECBDAEBB}.Debug|Any CPU.Build.0 = Debug|Any CPU
		{DCC49367-E120-44D7-A673-A093ECBDAEBB}.Release|Any CPU.ActiveCfg = Release|Any CPU
		{DCC49367-E120-44D7-A673-A093ECBDAEBB}.Release|Any CPU.Build.0 = Release|Any CPU
		{5C5E89E0-4F9D-4E38-B603-44FDC0E76D70}.Debug|Any CPU.ActiveCfg = Debug|Any CPU
		{5C5E89E0-4F9D-4E38-B603-44FDC0E76D70}.Debug|Any CPU.Build.0 = Debug|Any CPU
		{5C5E89E0-4F9D-4E38-B603-44FDC0E76D70}.Release|Any CPU.ActiveCfg = Release|Any CPU
		{5C5E89E0-4F9D-4E38-B603-44FDC0E76D70}.Release|Any CPU.Build.0 = Release|Any CPU
		{9970963A-1AA6-4936-8AB4-8653F18AF505}.Debug|Any CPU.ActiveCfg = Debug|Any CPU
		{9970963A-1AA6-4936-8AB4-8653F18AF505}.Debug|Any CPU.Build.0 = Debug|Any CPU
		{9970963A-1AA6-4936-8AB4-8653F18AF505}.Release|Any CPU.ActiveCfg = Release|Any CPU
		{9970963A-1AA6-4936-8AB4-8653F18AF505}.Release|Any CPU.Build.0 = Release|Any CPU
		{1F9DBE9A-FDE0-4C42-9779-7BAB74D10626}.Debug|Any CPU.ActiveCfg = Debug|Any CPU
		{1F9DBE9A-FDE0-4C42-9779-7BAB74D10626}.Debug|Any CPU.Build.0 = Debug|Any CPU
		{1F9DBE9A-FDE0-4C42-9779-7BAB74D10626}.Release|Any CPU.ActiveCfg = Release|Any CPU
		{1F9DBE9A-FDE0-4C42-9779-7BAB74D10626}.Release|Any CPU.Build.0 = Release|Any CPU
		{04A2EEEF-3478-46A9-8B14-D4D707E0736E}.Debug|Any CPU.ActiveCfg = Debug|Any CPU
		{04A2EEEF-3478-46A9-8B14-D4D707E0736E}.Debug|Any CPU.Build.0 = Debug|Any CPU
		{04A2EEEF-3478-46A9-8B14-D4D707E0736E}.Release|Any CPU.ActiveCfg = Release|Any CPU
		{04A2EEEF-3478-46A9-8B14-D4D707E0736E}.Release|Any CPU.Build.0 = Release|Any CPU
		{3DB3B829-F941-4143-89AB-FAB4C78428AD}.Debug|Any CPU.ActiveCfg = Debug|Any CPU
		{3DB3B829-F941-4143-89AB-FAB4C78428AD}.Debug|Any CPU.Build.0 = Debug|Any CPU
		{3DB3B829-F941-4143-89AB-FAB4C78428AD}.Release|Any CPU.ActiveCfg = Release|Any CPU
		{3DB3B829-F941-4143-89AB-FAB4C78428AD}.Release|Any CPU.Build.0 = Release|Any CPU
	EndGlobalSection
	GlobalSection(NestedProjects) = preSolution
		{DCC49367-E120-44D7-A673-A093ECBDAEBB} = {85C48B36-DA1B-4C30-A540-6217EEDA39B4}
		{5C5E89E0-4F9D-4E38-B603-44FDC0E76D70} = {56AE5EF6-0179-4D75-B1FD-08EE7476786D}
		{9970963A-1AA6-4936-8AB4-8653F18AF505} = {56AE5EF6-0179-4D75-B1FD-08EE7476786D}
		{1F9DBE9A-FDE0-4C42-9779-7BAB74D10626} = {512F4F19-8B7F-4A5B-A188-080D86F58714}
		{04A2EEEF-3478-46A9-8B14-D4D707E0736E} = {512F4F19-8B7F-4A5B-A188-080D86F58714}
		{B2AC7DEC-CFDE-4098-A538-7D1DED1B12A6} = {85C48B36-DA1B-4C30-A540-6217EEDA39B4}
		{3DB3B829-F941-4143-89AB-FAB4C78428AD} = {B2AC7DEC-CFDE-4098-A538-7D1DED1B12A6}
	EndGlobalSection
EndGlobal
